
Microsoft Visual Studio Solution File, Format Version 12.00
# Visual Studio 15
VisualStudioVersion = 15.0.26124.0
MinimumVisualStudioVersion = 15.0.26124.0
Project("{9A19103F-16F7-4668-BE54-9A1E7A4F7556}") = "DP.CQRS.Core", "src\DP.CQRS.Core\DP.CQRS.Core.csproj", "{9D53A0FD-3DB5-46D5-BDDA-361C594138B3}"
EndProject
Project("{9A19103F-16F7-4668-BE54-9A1E7A4F7556}") = "DP.CQRS", "src\DP.CQRS\DP.CQRS.csproj", "{14A54FCA-13EE-4782-B70A-AF13792A99E5}"
EndProject
Project("{2150E333-8FDC-42A3-9474-1A3956D46DE8}") = "test", "test", "{63A5CBDA-CD56-4185-BD2E-302F82EF9A3B}"
EndProject
Project("{FAE04EC0-301F-11D3-BF4B-00C04F79EFBC}") = "DP.CQRS.Tests", "test\DP.CQRS.Tests\DP.CQRS.Tests.csproj", "{0346F29D-AC96-49DC-94E0-E93479EDE3EC}"
EndProject
Global
	GlobalSection(SolutionConfigurationPlatforms) = preSolution
		Debug|Any CPU = Debug|Any CPU
		Release|Any CPU = Release|Any CPU
	EndGlobalSection
	GlobalSection(ProjectConfigurationPlatforms) = postSolution
		{9D53A0FD-3DB5-46D5-BDDA-361C594138B3}.Debug|Any CPU.ActiveCfg = Debug|Any CPU
		{9D53A0FD-3DB5-46D5-BDDA-361C594138B3}.Debug|Any CPU.Build.0 = Debug|Any CPU
		{9D53A0FD-3DB5-46D5-BDDA-361C594138B3}.Release|Any CPU.ActiveCfg = Release|Any CPU
		{9D53A0FD-3DB5-46D5-BDDA-361C594138B3}.Release|Any CPU.Build.0 = Release|Any CPU
		{14A54FCA-13EE-4782-B70A-AF13792A99E5}.Debug|Any CPU.ActiveCfg = Debug|Any CPU
		{14A54FCA-13EE-4782-B70A-AF13792A99E5}.Debug|Any CPU.Build.0 = Debug|Any CPU
		{14A54FCA-13EE-4782-B70A-AF13792A99E5}.Release|Any CPU.ActiveCfg = Release|Any CPU
		{14A54FCA-13EE-4782-B70A-AF13792A99E5}.Release|Any CPU.Build.0 = Release|Any CPU
		{0346F29D-AC96-49DC-94E0-E93479EDE3EC}.Debug|Any CPU.ActiveCfg = Debug|Any CPU
		{0346F29D-AC96-49DC-94E0-E93479EDE3EC}.Debug|Any CPU.Build.0 = Debug|Any CPU
		{0346F29D-AC96-49DC-94E0-E93479EDE3EC}.Release|Any CPU.ActiveCfg = Release|Any CPU
		{0346F29D-AC96-49DC-94E0-E93479EDE3EC}.Release|Any CPU.Build.0 = Release|Any CPU
	EndGlobalSection
	GlobalSection(SolutionProperties) = preSolution
		HideSolutionNode = FALSE
	EndGlobalSection
	GlobalSection(NestedProjects) = preSolution
		{0346F29D-AC96-49DC-94E0-E93479EDE3EC} = {63A5CBDA-CD56-4185-BD2E-302F82EF9A3B}
	EndGlobalSection
	GlobalSection(ExtensibilityGlobals) = postSolution
		SolutionGuid = {0AD31399-0F31-4CE6-B347-376E2AB92588}
	EndGlobalSection
EndGlobal
