
Microsoft Visual Studio Solution File, Format Version 12.00
# Visual Studio 15
VisualStudioVersion = 15.0.26124.0
MinimumVisualStudioVersion = 15.0.26124.0
Project("{9A19103F-16F7-4668-BE54-9A1E7A4F7556}") = "DP.CQRS.Core", "src\DP.CQRS.Core\DP.CQRS.Core.csproj", "{9D53A0FD-3DB5-46D5-BDDA-361C594138B3}"
EndProject
Project("{9A19103F-16F7-4668-BE54-9A1E7A4F7556}") = "DP.CQRS", "src\DP.CQRS\DP.CQRS.csproj", "{14A54FCA-13EE-4782-B70A-AF13792A99E5}"
EndProject
Project("{2150E333-8FDC-42A3-9474-1A3956D46DE8}") = "test", "test", "{63A5CBDA-CD56-4185-BD2E-302F82EF9A3B}"
EndProject
Project("{9A19103F-16F7-4668-BE54-9A1E7A4F7556}") = "DP.CQRS.Tests", "test\DP.CQRS.Tests\DP.CQRS.Tests.csproj", "{0346F29D-AC96-49DC-94E0-E93479EDE3EC}"
EndProject
Project("{2150E333-8FDC-42A3-9474-1A3956D46DE8}") = "Solution Items", "Solution Items", "{BF8307C6-177D-431B-B079-7735038648D0}"
	ProjectSection(SolutionItems) = preProject
		.editorconfig = .editorconfig
		build.yaml = build.yaml
	EndProjectSection
EndProject
Project("{9A19103F-16F7-4668-BE54-9A1E7A4F7556}") = "DP.CQRS.Async", "src\DP.CQRS.Async\DP.CQRS.Async.csproj", "{4D7F491C-4AB4-4F69-82FE-A09EF9C2F5D1}"
EndProject
Project("{9A19103F-16F7-4668-BE54-9A1E7A4F7556}") = "DP.CQRS.Async.Tests", "test\DP.CQRS.Async.Tests\DP.CQRS.Async.Tests.csproj", "{096BD775-69CC-455F-BA06-CE5DEF67E5AE}"
EndProject
Global
	GlobalSection(SolutionConfigurationPlatforms) = preSolution
		Debug|Any CPU = Debug|Any CPU
		Release|Any CPU = Release|Any CPU
	EndGlobalSection
	GlobalSection(ProjectConfigurationPlatforms) = postSolution
		{9D53A0FD-3DB5-46D5-BDDA-361C594138B3}.Debug|Any CPU.ActiveCfg = Debug|Any CPU
		{9D53A0FD-3DB5-46D5-BDDA-361C594138B3}.Debug|Any CPU.Build.0 = Debug|Any CPU
		{9D53A0FD-3DB5-46D5-BDDA-361C594138B3}.Release|Any CPU.ActiveCfg = Release|Any CPU
		{9D53A0FD-3DB5-46D5-BDDA-361C594138B3}.Release|Any CPU.Build.0 = Release|Any CPU
		{14A54FCA-13EE-4782-B70A-AF13792A99E5}.Debug|Any CPU.ActiveCfg = Debug|Any CPU
		{14A54FCA-13EE-4782-B70A-AF13792A99E5}.Debug|Any CPU.Build.0 = Debug|Any CPU
		{14A54FCA-13EE-4782-B70A-AF13792A99E5}.Release|Any CPU.ActiveCfg = Release|Any CPU
		{14A54FCA-13EE-4782-B70A-AF13792A99E5}.Release|Any CPU.Build.0 = Release|Any CPU
		{0346F29D-AC96-49DC-94E0-E93479EDE3EC}.Debug|Any CPU.ActiveCfg = Debug|Any CPU
		{0346F29D-AC96-49DC-94E0-E93479EDE3EC}.Debug|Any CPU.Build.0 = Debug|Any CPU
		{0346F29D-AC96-49DC-94E0-E93479EDE3EC}.Release|Any CPU.ActiveCfg = Release|Any CPU
		{0346F29D-AC96-49DC-94E0-E93479EDE3EC}.Release|Any CPU.Build.0 = Release|Any CPU
		{4D7F491C-4AB4-4F69-82FE-A09EF9C2F5D1}.Debug|Any CPU.ActiveCfg = Debug|Any CPU
		{4D7F491C-4AB4-4F69-82FE-A09EF9C2F5D1}.Debug|Any CPU.Build.0 = Debug|Any CPU
		{4D7F491C-4AB4-4F69-82FE-A09EF9C2F5D1}.Release|Any CPU.ActiveCfg = Release|Any CPU
		{4D7F491C-4AB4-4F69-82FE-A09EF9C2F5D1}.Release|Any CPU.Build.0 = Release|Any CPU
		{096BD775-69CC-455F-BA06-CE5DEF67E5AE}.Debug|Any CPU.ActiveCfg = Debug|Any CPU
		{096BD775-69CC-455F-BA06-CE5DEF67E5AE}.Debug|Any CPU.Build.0 = Debug|Any CPU
		{096BD775-69CC-455F-BA06-CE5DEF67E5AE}.Release|Any CPU.ActiveCfg = Release|Any CPU
		{096BD775-69CC-455F-BA06-CE5DEF67E5AE}.Release|Any CPU.Build.0 = Release|Any CPU
	EndGlobalSection
	GlobalSection(SolutionProperties) = preSolution
		HideSolutionNode = FALSE
	EndGlobalSection
	GlobalSection(NestedProjects) = preSolution
		{0346F29D-AC96-49DC-94E0-E93479EDE3EC} = {63A5CBDA-CD56-4185-BD2E-302F82EF9A3B}
		{096BD775-69CC-455F-BA06-CE5DEF67E5AE} = {63A5CBDA-CD56-4185-BD2E-302F82EF9A3B}
	EndGlobalSection
	GlobalSection(ExtensibilityGlobals) = postSolution
		SolutionGuid = {0AD31399-0F31-4CE6-B347-376E2AB92588}
	EndGlobalSection
EndGlobal
